{
  "name": "my-website",
  "version": "1.0.0",
  "lockfileVersion": 3,
  "requires": true,
  "packages": {
    "": {
      "name": "my-website",
      "version": "1.0.0",
      "license": "ISC",
      "dependencies": {
        "@builder.io/partytown": "^0.10.2",
        "@splidejs/splide": "^4.1.4"
      }
    },
    "node_modules/@builder.io/partytown": {
      "version": "0.10.2",
      "resolved": "https://registry.npmjs.org/@builder.io/partytown/-/partytown-0.10.2.tgz",
      "integrity": "sha512-A9U+4PREWcS+CCYzKGIPovtGB/PBgnH/8oQyCE6Nr9drDJk6cMPpLQIEajpGPmG9tYF7N3FkRvhXm/AS9+0iKg==",
      "license": "MIT",
      "bin": {
        "partytown": "bin/partytown.cjs"
      },
      "engines": {
        "node": ">=18.0.0"
      }
    },
    "node_modules/@splidejs/splide": {
      "version": "4.1.4",
      "resolved": "https://registry.npmjs.org/@splidejs/splide/-/splide-4.1.4.tgz",
      "integrity": "sha512-5I30evTJcAJQXt6vJ26g2xEkG+l1nXcpEw4xpKh0/FWQ8ozmAeTbtniVtVmz2sH1Es3vgfC4SS8B2X4o5JMptA==",
      "license": "MIT"
    }
  }
}
